
Microsoft Visual Studio Solution File, Format Version 12.00
# Visual Studio Version 17
VisualStudioVersion = 17.2.32602.215
MinimumVisualStudioVersion = 10.0.40219.1
Project("{FAE04EC0-301F-11D3-BF4B-00C04F79EFBC}") = "Sell_Shoes", "Sell_Shoes\Sell_Shoes.csproj", "{F5B13958-398F-4C62-A474-FD65E59A8B58}"
EndProject
Global
	GlobalSection(SolutionConfigurationPlatforms) = preSolution
		Debug|Any CPU = Debug|Any CPU
		Release|Any CPU = Release|Any CPU
	EndGlobalSection
	GlobalSection(ProjectConfigurationPlatforms) = postSolution
		{F5B13958-398F-4C62-A474-FD65E59A8B58}.Debug|Any CPU.ActiveCfg = Debug|Any CPU
		{F5B13958-398F-4C62-A474-FD65E59A8B58}.Debug|Any CPU.Build.0 = Debug|Any CPU
		{F5B13958-398F-4C62-A474-FD65E59A8B58}.Release|Any CPU.ActiveCfg = Release|Any CPU
		{F5B13958-398F-4C62-A474-FD65E59A8B58}.Release|Any CPU.Build.0 = Release|Any CPU
	EndGlobalSection
	GlobalSection(SolutionProperties) = preSolution
		HideSolutionNode = FALSE
	EndGlobalSection
	GlobalSection(ExtensibilityGlobals) = postSolution
		SolutionGuid = {3AECF950-C122-4513-9C4C-1AD677329DBF}
	EndGlobalSection
EndGlobal
